
Microsoft Visual Studio Solution File, Format Version 12.00
# Visual Studio Version 17
VisualStudioVersion = 17.5.002.0
MinimumVisualStudioVersion = 10.0.40219.1
Project("{9A19103F-16F7-4668-BE54-9A1E7A4F7556}") = "Creational_AbstractFactory2", "Creational_AbstractFactory2.csproj", "{3E06D169-AED9-43D3-ADAC-4C6E770CBEBC}"
EndProject
Global
	GlobalSection(SolutionConfigurationPlatforms) = preSolution
		Debug|Any CPU = Debug|Any CPU
		Release|Any CPU = Release|Any CPU
	EndGlobalSection
	GlobalSection(ProjectConfigurationPlatforms) = postSolution
		{3E06D169-AED9-43D3-ADAC-4C6E770CBEBC}.Debug|Any CPU.ActiveCfg = Debug|Any CPU
		{3E06D169-AED9-43D3-ADAC-4C6E770CBEBC}.Debug|Any CPU.Build.0 = Debug|Any CPU
		{3E06D169-AED9-43D3-ADAC-4C6E770CBEBC}.Release|Any CPU.ActiveCfg = Release|Any CPU
		{3E06D169-AED9-43D3-ADAC-4C6E770CBEBC}.Release|Any CPU.Build.0 = Release|Any CPU
	EndGlobalSection
	GlobalSection(SolutionProperties) = preSolution
		HideSolutionNode = FALSE
	EndGlobalSection
	GlobalSection(ExtensibilityGlobals) = postSolution
		SolutionGuid = {6FE0A270-7FD2-46FA-BEF1-0B4C3339E7A9}
	EndGlobalSection
EndGlobal
